github.com/cockroachdb/swiss v0.0.0-20240612210725-f4de07ae6964 h1:Ew0znI2JatzKy52N1iS5muUsHkf2UJuhocH7uFW7jjs=
github.com/cockroachdb/swiss v0.0.0-20240612210725-f4de07ae6964/go.mod h1:yBRu/cnL4ks9bgy4vAASdjIW+/xMlFwuHKqtmh3GZQg=
github.com/dolthub/maphash v0.1.0 h1:bsQ7JsF4FkkWyrP3oCnFJgrCUAFbFf3kOl4L/QxPDyQ=
github.com/dolthub/maphash v0.1.0/go.mod h1:gkg4Ch4CdCDu5h6PMriVLawB7koZ+5ijb9puGMV50a4=
github.com/dolthub/swiss v0.2.1 h1:gs2osYs5SJkAaH5/ggVJqXQxRXtWshF6uE0lgR/Y3Gw=
github.com/dolthub/swiss v0.2.1/go.mod h1:8AhKZZ1HK7g18j7v7k6c5cYIGEZJcPn0ARsai8cUrh0=
github.com/mhmtszr/concurrent-swiss-map v1.0.8 h1:GDSxgVrXsPFsraUJaPMm7ptYulj8qnWPgnwXcWbJNxo=
github.com/mhmtszr/concurrent-swiss-map v1.0.8/go.mod h1:F6QETL48Qn7jEJ3ZPt7EqRZjAAZu7lRQeQGIzXuUIDc=
